{
  "version": "2",
  "remote": {
    "https://deno.land/std@0.183.0/collections/filter_values.ts": "5b9feaf17b9a6e5ffccdd36cf6f38fa4ffa94cff2602d381c2ad0c2a97929652",
    "https://deno.land/std@0.183.0/collections/max_by.ts": "2adb39effb8df0e1c99c7c7745a994c3bac0f3405474766cd262d7eba8b0ec6f",
    "https://deno.land/std@0.183.0/collections/min_by.ts": "5bb8726695eaeff1a32d8ca44acc358f6500617a7854a5b1b9f715cdd6b09ce4",
    "https://deno.land/std@0.183.0/collections/without_all.ts": "a89f5da0b5830defed4f59666e188df411d8fece35a5f6ca69be6ca71a95c185",
    "https://deno.land/std@0.183.0/dotenv/load.ts": "0636983549b98f29ab75c9a22a42d9723f0a389ece5498fe971e7bb2556a12e2",
    "https://deno.land/std@0.183.0/dotenv/mod.ts": "e4c3cdbe11f05340e1217a4ebe2e6f2eef49e11c8d7d2595bb977923a396e18b",
    "https://deno.land/std@0.183.0/fmt/colors.ts": "d67e3cd9f472535241a8e410d33423980bec45047e343577554d3356e1f0ef4e",
    "https://deno.land/std@0.183.0/testing/_diff.ts": "1a3c044aedf77647d6cac86b798c6417603361b66b54c53331b312caeb447aea",
    "https://deno.land/std@0.183.0/testing/_format.ts": "a69126e8a469009adf4cf2a50af889aca364c349797e63174884a52ff75cf4c7",
    "https://deno.land/std@0.183.0/testing/asserts.ts": "e16d98b4d73ffc4ed498d717307a12500ae4f2cbe668f1a215632d19fcffc22f",
    "https://esm.sh/v114/@types/dedent@0.7.0/index.d.ts": "70646d9cb37b62611766d18a9bcca6cbf28ca9aec33a66244e974056ab1193f6",
    "https://esm.sh/v114/@types/luxon@3.3.0/index.d.ts": "dd6f66c36de47dde39716e069311dc4103172d71c305d3e40a6e3ffff9b8888a",
    "https://esm.sh/v114/@types/luxon@3.3.0/src/_util.d.ts": "6112aa6c0a43aa427f3ab739ecb938d3b2e294d6258d4769fce380ac40879e6d",
    "https://esm.sh/v114/@types/luxon@3.3.0/src/datetime.d.ts": "ff90be1e4b8e7913029ad17e7bb3363e392b121dae6e8f547fa177b4d2cc974d",
    "https://esm.sh/v114/@types/luxon@3.3.0/src/duration.d.ts": "77aeeac633b1e5175f783fb244cf1e010ad60e7d6c767605718e00fa3678a98b",
    "https://esm.sh/v114/@types/luxon@3.3.0/src/info.d.ts": "c27326b5bf1178527607c02f58a9feb0514b3f405f1bcfe3c6e834a60d2de21d",
    "https://esm.sh/v114/@types/luxon@3.3.0/src/interval.d.ts": "014e8514f3bc671edec5fd0912d666e11f8911da42ab39f9d79a7ac01d5a4a37",
    "https://esm.sh/v114/@types/luxon@3.3.0/src/luxon.d.ts": "ebed01e1aa27660d0582fbd2afaee058feae47e7df0a760227736ec4224ac57d",
    "https://esm.sh/v114/@types/luxon@3.3.0/src/misc.d.ts": "52ed17fe2c0a4bb27a4f13e99234b3d1f364dc27f9bd7964946d5ec62792a0cc",
    "https://esm.sh/v114/@types/luxon@3.3.0/src/settings.d.ts": "9a7bb9e10a203a40fca3f9a07cbde4409d7e2f209b4fd05e73ee7e7716846c67",
    "https://esm.sh/v114/@types/luxon@3.3.0/src/zone.d.ts": "ffb188f63f614f05f28f64d755e73d7d70e3047b28994ceb6238336eb6e24587",
    "https://esm.sh/v114/@types/ramda@0.29.1/index.d.ts": "cf799fd3ae83dcd45df18fbfc6e07992454faea181ad78d1437e583858e1dac2",
    "https://esm.sh/v114/dedent@0.7.0": "fd6139d0dae2182f9be4f22d1bd051c2418e8ee57dc3ecd6a5fbbf19d875fa1a",
    "https://esm.sh/v114/dedent@0.7.0/deno/dedent.mjs": "884861c62ace94e2e3207c30d590ec83c39f014c86605187ffb29d947336b10d",
    "https://esm.sh/v114/luxon@3.3.0": "dd429ba218368fbd36724168d722b7d3b685a6c4b3716724918251abf40d579c",
    "https://esm.sh/v114/luxon@3.3.0/deno/luxon.mjs": "cf95b8f993dfc1afd830aa4357dd51a58f65c557b34f658465c42d4be7d2d80d",
    "https://esm.sh/v114/ramda@0.29.0": "f45448165b3793b6be658cccf02232efd19c4af7d0ac24b19324edba31d3f2bc",
    "https://esm.sh/v114/ramda@0.29.0/deno/ramda.mjs": "f0e6d04de8bac74252fb3e2c057ddce3c9936600598975cf4b3ae0b6d459a3d9",
    "https://esm.sh/v114/ts-toolbelt@9.6.0/out/Any/At.d.ts": "2af3dcf6a27de4d9c4b83b88e5e72b88d6e9081879b65aa387f390ec6e0ce4fd",
    "https://esm.sh/v114/ts-toolbelt@9.6.0/out/Any/Await.d.ts": "b331476315c5ec0e107c06429eef6c3675e058d72517a9ce459ad379ddd17049",
    "https://esm.sh/v114/ts-toolbelt@9.6.0/out/Any/Cast.d.ts": "4cb7dc25cec224c4470330468ff9e203013b7a7dbf9031fd75b2a03bea72f4e2",
    "https://esm.sh/v114/ts-toolbelt@9.6.0/out/Any/Compute.d.ts": "d04839659f80767fe39aa6a1291247d45bc9249e57561d42bf1c65b8c26e003f",
    "https://esm.sh/v114/ts-toolbelt@9.6.0/out/Any/Contains.d.ts": "4ecf278611ea98758f989d10d2191df286173a9400845e988d2df3133b865bf2",
    "https://esm.sh/v114/ts-toolbelt@9.6.0/out/Any/Equals.d.ts": "49d517397ccdd8af34efbba95696f3dccd284d91c93d462939625b03a59d1d9f",
    "https://esm.sh/v114/ts-toolbelt@9.6.0/out/Any/Extends.d.ts": "40cc833241ee315bc3037d40b73c6af40f5552c0cb555d1446f36367283b1ac7",
    "https://esm.sh/v114/ts-toolbelt@9.6.0/out/Any/If.d.ts": "c6a9c5b14559cad00fa2eceecae1ba6acaf3e3492914864287b0e72b27ae1f03",
    "https://esm.sh/v114/ts-toolbelt@9.6.0/out/Any/Is.d.ts": "2c92f9062317d886dafe35f39ad09f00515a1f8ef4ccbb8a0f02c200789b9a3e",
    "https://esm.sh/v114/ts-toolbelt@9.6.0/out/Any/Key.d.ts": "85a540e17e5a40bf238b0230ca526dcd994e90f47142a7d2575701e793f514c4",
    "https://esm.sh/v114/ts-toolbelt@9.6.0/out/Any/Keys.d.ts": "b75f6cf6674806f8101f4970e355b5f4f4966aa8fa9e28d3ad0d47c2fff059ad",
    "https://esm.sh/v114/ts-toolbelt@9.6.0/out/Any/KnownKeys.d.ts": "69adf731e9ff357b4579d16fc19aa1fcfc7cd6a1411e4f0acb1b4910ac1746fc",
    "https://esm.sh/v114/ts-toolbelt@9.6.0/out/Any/Promise.d.ts": "2e4dcb5eb12fd4915e9c20ad955e83935112dbc13eb51ac811e10b6cf6132a15",
    "https://esm.sh/v114/ts-toolbelt@9.6.0/out/Any/Try.d.ts": "9313cce8161a896f448703ab1dd758ca966d6986de2f406eddcbc63758563305",
    "https://esm.sh/v114/ts-toolbelt@9.6.0/out/Any/Type.d.ts": "880a6d7b3f426fac1cb6dc5dafb6fd0a9fb48b39fdae612e5cd1909464f41024",
    "https://esm.sh/v114/ts-toolbelt@9.6.0/out/Any/_Internal.d.ts": "46959bc5425d9ed3467e69b93b72ccb7970db46ff6eb8ea5eb7937f3313fdd97",
    "https://esm.sh/v114/ts-toolbelt@9.6.0/out/Any/_api.d.ts": "ffca59d25d435daf05f0bd8eb9fd0ee9beddf62cc77c61757efbabe12b7aaade",
    "https://esm.sh/v114/ts-toolbelt@9.6.0/out/Any/x.d.ts": "e15a510968f3e8f2504e939d3a96d65adedd4721cf4a7c72aeba23c6414cda91",
    "https://esm.sh/v114/ts-toolbelt@9.6.0/out/Boolean/And.d.ts": "6f9afb1ee8534755cea1863dffb20ce60bb51ecf06b04e232df9eb0a2423865e",
    "https://esm.sh/v114/ts-toolbelt@9.6.0/out/Boolean/Not.d.ts": "45d7bb8e373af914f382c5b1014411d5c825d7952bd39477ba8dbf00741f83ae",
    "https://esm.sh/v114/ts-toolbelt@9.6.0/out/Boolean/Or.d.ts": "a11df58d27bd105aee21d121b4d42a6adef2623bf102fc340b7b923c32dec1b8",
    "https://esm.sh/v114/ts-toolbelt@9.6.0/out/Boolean/Xor.d.ts": "099b6f39c51503e7e41bf7df4280b3d001f8806fd5050c5ef11baa331070e643",
    "https://esm.sh/v114/ts-toolbelt@9.6.0/out/Boolean/_Internal.d.ts": "86b6347a977ad0869f2e42fbc6d268a7d4c4aaf4c8e04643cb470abff08864e4",
    "https://esm.sh/v114/ts-toolbelt@9.6.0/out/Boolean/_api.d.ts": "6587c607d1c437e88f79567463ebd26bdd1b13a81dfc24c17f1e3b1a4a2f1ab8",
    "https://esm.sh/v114/ts-toolbelt@9.6.0/out/Class/Class.d.ts": "42206597e30d0a9f8b71988b9b4ed070e68d15c96b06006597fe3b3e4bfe150d",
    "https://esm.sh/v114/ts-toolbelt@9.6.0/out/Class/Instance.d.ts": "126ca2726e2ac814a08e588cebff5b5f01d7a36874a5241273174140e86298b7",
    "https://esm.sh/v114/ts-toolbelt@9.6.0/out/Class/Parameters.d.ts": "f78e54055953a27967815298ffb86d33e1c51b8aee89c4f8a2956f22b340dcbb",
    "https://esm.sh/v114/ts-toolbelt@9.6.0/out/Class/_api.d.ts": "4ea52e557055847257d2f8e2557e4ceee17536b5eda43fd337675b2f4708b2c5",
    "https://esm.sh/v114/ts-toolbelt@9.6.0/out/Community/IncludesDeep.d.ts": "10d2236eef403bf541f1c8aca2c184d2a675de1dd2671875c27f11d18d9bb8f5",
    "https://esm.sh/v114/ts-toolbelt@9.6.0/out/Community/IsLiteral.d.ts": "e940d5247f83188c43f621c54adecde7e7ab4841d88c2936010eade36b25aa5e",
    "https://esm.sh/v114/ts-toolbelt@9.6.0/out/Community/_api.d.ts": "d39067929c9f8a5a45208b82208760cc457f088f996f1a1eb0767ef85961c21f",
    "https://esm.sh/v114/ts-toolbelt@9.6.0/out/Function/AutoPath.d.ts": "1b3c976aff0fb9e8ad4bfe0abc8cbb3107940010801aa0ce04c0421c8087bd11",
    "https://esm.sh/v114/ts-toolbelt@9.6.0/out/Function/Compose.d.ts": "033fe1c7d34451a14f3ca0c44ad757a7f1932b2c8cb2acfbb41c7e51a274a54a",
    "https://esm.sh/v114/ts-toolbelt@9.6.0/out/Function/Compose/List/Async.d.ts": "52a40b088bb9a978a480fdb337d60fd2eb8f19690a01485c5da3f6ec1234b38e",
    "https://esm.sh/v114/ts-toolbelt@9.6.0/out/Function/Compose/List/Sync.d.ts": "e55615dac609c7a1ac5b7e7a9eb30d22a9d7fcf352eb415ec5394625b07f69b0",
    "https://esm.sh/v114/ts-toolbelt@9.6.0/out/Function/Compose/Multi/Async.d.ts": "6ace11c42db2fe08c3527496e4d7ea1014d1ccd2806d11355424156edd6767bc",
    "https://esm.sh/v114/ts-toolbelt@9.6.0/out/Function/Compose/Multi/Sync.d.ts": "fcd03cce88b8e7818cc92f8c208f37624e8e0b1cbfd0a9288b00948d1372f829",
    "https://esm.sh/v114/ts-toolbelt@9.6.0/out/Function/Curry.d.ts": "55797ca5f68cb0cc3d2b9846bf605cac59dd108567eeea62a3370da51b189d86",
    "https://esm.sh/v114/ts-toolbelt@9.6.0/out/Function/Exact.d.ts": "ad0c9c8e2ce25d3841bc346934d757c30c86a40e89503f3678cd93902e8f0ab9",
    "https://esm.sh/v114/ts-toolbelt@9.6.0/out/Function/Function.d.ts": "dfe3235593c70260d7164b3151d11c03db4288318825f2638cd132d2639312b4",
    "https://esm.sh/v114/ts-toolbelt@9.6.0/out/Function/Length.d.ts": "6df57e30383f71c969acf526085a6449b6692cd2e5ca737e44df409ec5680852",
    "https://esm.sh/v114/ts-toolbelt@9.6.0/out/Function/Narrow.d.ts": "b29cd4d2d5c7bbd3319d0d2e8b6d9040a0febda8e1916f7f36b0cc651735cacb",
    "https://esm.sh/v114/ts-toolbelt@9.6.0/out/Function/NoInfer.d.ts": "e3db1a85a13fd5622651bf1adb8aaa772c6a13441d4a64d71e8ce2ea423010c2",
    "https://esm.sh/v114/ts-toolbelt@9.6.0/out/Function/Parameters.d.ts": "61e14e65ff954fbdf0605671fc2f0d4e060f1fe68c7636b0af237565e4bc415f",
    "https://esm.sh/v114/ts-toolbelt@9.6.0/out/Function/Pipe.d.ts": "0c7783ef4d02feb5f034e498fd30ddaaba4329399749b57c90211d5302c6e980",
    "https://esm.sh/v114/ts-toolbelt@9.6.0/out/Function/Pipe/List/Async.d.ts": "939c9373bd1a7a15a677eb329635bb77322345a81f2e5444013b0780c5d400ce",
    "https://esm.sh/v114/ts-toolbelt@9.6.0/out/Function/Pipe/List/Sync.d.ts": "2b0bb4d12713e67e0402f4512fc9e403dfd94d3601272bb671e40115e7a19579",
    "https://esm.sh/v114/ts-toolbelt@9.6.0/out/Function/Pipe/Multi/Async.d.ts": "8bacce8f4197923ab462967ac23f65048939272e5403597dfa4ed099a21c4212",
    "https://esm.sh/v114/ts-toolbelt@9.6.0/out/Function/Pipe/Multi/Sync.d.ts": "a07997d97c638dbabd5c5930304b9bc186b3b68f4e65b0963872da73fd37ee70",
    "https://esm.sh/v114/ts-toolbelt@9.6.0/out/Function/Promisify.d.ts": "04ac36b73452b76d20f29102153d1fed3610bc0c22cfd43434d4046655e3b878",
    "https://esm.sh/v114/ts-toolbelt@9.6.0/out/Function/Return.d.ts": "dd594c8fee00137ce5d5e0db239869594e76563923475ab486b3e26118cd9e28",
    "https://esm.sh/v114/ts-toolbelt@9.6.0/out/Function/UnCurry.d.ts": "2c1a3491895733bcd7ce439c3fa87d615e3d19aa182a5647156777ba271ce64e",
    "https://esm.sh/v114/ts-toolbelt@9.6.0/out/Function/ValidPath.d.ts": "81bdc0a4c1db542c753ea8011a9a00693b8d8675a75920be3ae62dba7c07d237",
    "https://esm.sh/v114/ts-toolbelt@9.6.0/out/Function/_Internal.d.ts": "ea7418ad0ac4a1470f4ad32851c07dcf52572db01a12a47e7e2316a419629216",
    "https://esm.sh/v114/ts-toolbelt@9.6.0/out/Function/_api.d.ts": "5081f4296fb38ae6c5a98b5bfa65afa902bcb860a0a82fb828e4eb5fa7b2520c",
    "https://esm.sh/v114/ts-toolbelt@9.6.0/out/Iteration/Iteration.d.ts": "475e6bd83438e9f284b314a277dd2fff3f980cd1023dd606e202e41e347377dc",
    "https://esm.sh/v114/ts-toolbelt@9.6.0/out/Iteration/IterationOf.d.ts": "ec6d16f6665dc6680bf9799bcf517934514d149e3d0c7bbe9af4722e73981ac8",
    "https://esm.sh/v114/ts-toolbelt@9.6.0/out/Iteration/Key.d.ts": "bc3cb06a41c6db98a35ba84d94447562c58f7363d2d6d883682a1791b144de11",
    "https://esm.sh/v114/ts-toolbelt@9.6.0/out/Iteration/Next.d.ts": "d9d5017fe86f25fe06d0553a9c53e34f59c8980e48c71b907f9d83dc4353cb1c",
    "https://esm.sh/v114/ts-toolbelt@9.6.0/out/Iteration/Pos.d.ts": "af39ad665984147b959780c0f5a7bc591890c7ea8a8b5c77d3681f85a64a6d25",
    "https://esm.sh/v114/ts-toolbelt@9.6.0/out/Iteration/Prev.d.ts": "069b5eb03f44c64173d9a75d47912200a23de8c33ff3d2f97bcde41caf472d43",
    "https://esm.sh/v114/ts-toolbelt@9.6.0/out/Iteration/_Internal.d.ts": "439ce9b4e6dfeddded703257f94c0f9c9e23cb82774617fdbbd03c9d78e586f0",
    "https://esm.sh/v114/ts-toolbelt@9.6.0/out/Iteration/_api.d.ts": "102aa1fb58003d2e9d65e7f6fa55943a9ebe5f54fe573ba6b836b106b3d978ee",
    "https://esm.sh/v114/ts-toolbelt@9.6.0/out/List/Append.d.ts": "151b671094ed838c112967dfc49300b77d9e9cb3cb7e044fe902c9e5fe46d675",
    "https://esm.sh/v114/ts-toolbelt@9.6.0/out/List/Assign.d.ts": "9ed07d8574ec54e04104a9082f5921848f0438d645dc40d43fe2a32177f656ce",
    "https://esm.sh/v114/ts-toolbelt@9.6.0/out/List/AtLeast.d.ts": "dc0a91855cf6cf0e899bfee8747eb9c2294ca914e049ab40a5acf6970d8b1599",
    "https://esm.sh/v114/ts-toolbelt@9.6.0/out/List/Compulsory.d.ts": "8053f910284c925368e161e44ad380f129982701fef87ed1e795068f8d94d21d",
    "https://esm.sh/v114/ts-toolbelt@9.6.0/out/List/CompulsoryKeys.d.ts": "99092359b95de52b95558bc0f931ccca586f71822960194fb3a6c89168aa3dee",
    "https://esm.sh/v114/ts-toolbelt@9.6.0/out/List/Concat.d.ts": "ef05c3c708a596b02901e7a2d05c265bc2320ad07d0e0e819b639bade1c124a3",
    "https://esm.sh/v114/ts-toolbelt@9.6.0/out/List/Diff.d.ts": "f2bdba384f7a00475924c9c90640667de86ec9f7ffb4ff896ed4707991cc18f2",
    "https://esm.sh/v114/ts-toolbelt@9.6.0/out/List/Drop.d.ts": "6105f4fe0d9e01ad158922f253255ce7ccf4252c950719f669719d75b480da7d",
    "https://esm.sh/v114/ts-toolbelt@9.6.0/out/List/Either.d.ts": "cf3ed81291fd3b7b4e2593237fd5368cae06ca79c78b6a9852a4c5456d6149f4",
    "https://esm.sh/v114/ts-toolbelt@9.6.0/out/List/Exclude.d.ts": "17909687b4dfce33a9dfadc36c3033cb56e80aba24d64f739c60870646d4839d",
    "https://esm.sh/v114/ts-toolbelt@9.6.0/out/List/ExcludeKeys.d.ts": "50b547d3f14c7ed72ced29782706bc4c869f8e08f4856904d30ccced87905ee8",
    "https://esm.sh/v114/ts-toolbelt@9.6.0/out/List/Extract.d.ts": "984adb28cc7f51ac2a60000acbad64150f00e50776e4a90a8ee86744242c4b2e",
    "https://esm.sh/v114/ts-toolbelt@9.6.0/out/List/Filter.d.ts": "16d0e9147b34355c24205f1d476252dd75908500c40ced6e3cd99fd9413f4abe",
    "https://esm.sh/v114/ts-toolbelt@9.6.0/out/List/FilterKeys.d.ts": "1f39d6f9074ab88ee20cb31c3866d37431bdcabcd385db6ed085a257443827a8",
    "https://esm.sh/v114/ts-toolbelt@9.6.0/out/List/Flatten.d.ts": "edb2c371c9430c2fc31578704b2a3cfc8b9c860b10ab4c8b8ccbe1b18b55c7ee",
    "https://esm.sh/v114/ts-toolbelt@9.6.0/out/List/Group.d.ts": "7a0a2725af73c1a29c449360fe7836da8f38677db985cceb46e52cc7f9603b7a",
    "https://esm.sh/v114/ts-toolbelt@9.6.0/out/List/Has.d.ts": "60915beb924397d12d70c11dad31590ab7e08f9cd5f84f312fecf48d43edd84f",
    "https://esm.sh/v114/ts-toolbelt@9.6.0/out/List/HasPath.d.ts": "3d14e56f970c5aaaba1b6dc1f46d1e017c435a0e93caf4ad15f9786404d661e6",
    "https://esm.sh/v114/ts-toolbelt@9.6.0/out/List/Head.d.ts": "8c87b08d58fd6ed42a85aa09b57edaeaad94d3b2a61ead971ddf65de8ae1e66c",
    "https://esm.sh/v114/ts-toolbelt@9.6.0/out/List/Includes.d.ts": "922b94d47be2a88a8afb92abbf977bab3f57f88820c55394c1a4b05f57ca4a0f",
    "https://esm.sh/v114/ts-toolbelt@9.6.0/out/List/Intersect.d.ts": "a16349d64bd988d5d5500c41bf7913771a8cce45f1d4af280cbc68f5a379b852",
    "https://esm.sh/v114/ts-toolbelt@9.6.0/out/List/IntersectKeys.d.ts": "b4a51b5b7665b8895412dfb290738468bdee9ad230ba7a01d6bdec737ca15c7c",
    "https://esm.sh/v114/ts-toolbelt@9.6.0/out/List/KeySet.d.ts": "7b2b888b64e90615a032210c2697c1bb981f2aeb90f562e7b0f17b12ac268474",
    "https://esm.sh/v114/ts-toolbelt@9.6.0/out/List/Last.d.ts": "7f1aac654d91b8256e0b914f2fbe085aac5d91c4642f75937c350be720d2bed7",
    "https://esm.sh/v114/ts-toolbelt@9.6.0/out/List/LastKey.d.ts": "595bc4446d7385f1481abc1ee93b6f4441343d3ee464a3fece036073a1c8dcb7",
    "https://esm.sh/v114/ts-toolbelt@9.6.0/out/List/Length.d.ts": "de715921b6fce32c202a6d4c9e63ea383be82d13f6d99dbd314bed18c42e70b0",
    "https://esm.sh/v114/ts-toolbelt@9.6.0/out/List/List.d.ts": "49bd16e22ec83aa6b3285322ae4ad0e5f6280afa09511b8bc78b90051df221ac",
    "https://esm.sh/v114/ts-toolbelt@9.6.0/out/List/Longest.d.ts": "6c4415b35a092b18d5b0e104f434005b2d6238951020e5d6656054c88ccd8a05",
    "https://esm.sh/v114/ts-toolbelt@9.6.0/out/List/Merge.d.ts": "620a6aca3a23a500a976808a593099e829ff8cd1a101163cd707f4cbaa783450",
    "https://esm.sh/v114/ts-toolbelt@9.6.0/out/List/MergeAll.d.ts": "1d6252a1ef86539e0201ebd0485062dc62afd7e9d2b8b3ea84b01b531a2f8541",
    "https://esm.sh/v114/ts-toolbelt@9.6.0/out/List/Modify.d.ts": "7b7f9040baa37699547cb416db403d7514a5596615a9e73b429351a481b3efed",
    "https://esm.sh/v114/ts-toolbelt@9.6.0/out/List/NonNullable.d.ts": "04037c15e3e3dff54c2807563365647c0a2d5dd498d4a15259513f3e16a3ef70",
    "https://esm.sh/v114/ts-toolbelt@9.6.0/out/List/NonNullableKeys.d.ts": "06e534b429082980882728f4f0b6dca6d12b5ce58fc66410c6dc19108480b059",
    "https://esm.sh/v114/ts-toolbelt@9.6.0/out/List/Nullable.d.ts": "da910053a6e2063514c8524aed11603c2e1b59333add700a52613bdcc6576982",
    "https://esm.sh/v114/ts-toolbelt@9.6.0/out/List/NullableKeys.d.ts": "1010106bfda1cfdf5f6f8f4f5b5e2a437eb64fffcb33475c26d2dad122defc91",
    "https://esm.sh/v114/ts-toolbelt@9.6.0/out/List/ObjectOf.d.ts": "ae78612e28c09ee74a429c0dbb2d114767c926a27d9bd2e4d4f9c57ba356160e",
    "https://esm.sh/v114/ts-toolbelt@9.6.0/out/List/Omit.d.ts": "60cabfc5aec1a7524d02a960f07c8c94df5f1dc076dcf38b3db9cea159bfa02e",
    "https://esm.sh/v114/ts-toolbelt@9.6.0/out/List/Optional.d.ts": "cf5f805a41feaa853a35ca1108e9dfd788c3d512cfefd3c13aa19d0509ca3efb",
    "https://esm.sh/v114/ts-toolbelt@9.6.0/out/List/OptionalKeys.d.ts": "79e657b8cd51b8f09bc6fea2b95f11ebf081de4b35d476c4f0c12873b34b9fb8",
    "https://esm.sh/v114/ts-toolbelt@9.6.0/out/List/Overwrite.d.ts": "b336994d046251522a9af669228d8c0cd6c951d1a1c392467c1d0618814fa150",
    "https://esm.sh/v114/ts-toolbelt@9.6.0/out/List/Partial.d.ts": "e0bf67542dc62d0f30fab2bb8d6ce0a7355532f40f0a86928a09cd1ff11a6067",
    "https://esm.sh/v114/ts-toolbelt@9.6.0/out/List/Patch.d.ts": "c7868b596c2c20064684c1509fd7853b453cd71771e8e4d91505b4cbede1680a",
    "https://esm.sh/v114/ts-toolbelt@9.6.0/out/List/PatchAll.d.ts": "150f5a0dc22263647268873ce2d39bd93d03dc5bee6db682ce9ecb3e14f25b98",
    "https://esm.sh/v114/ts-toolbelt@9.6.0/out/List/Path.d.ts": "c8e575a092c370abeeec4fc63497e3329cbeeddf8d77335fa6be74115260b917",
    "https://esm.sh/v114/ts-toolbelt@9.6.0/out/List/Paths.d.ts": "7c0441345608849cb4e418f4b240eda9737e7b5db5bfb6bdc5e4254c592c666a",
    "https://esm.sh/v114/ts-toolbelt@9.6.0/out/List/Pick.d.ts": "1a3137689c7ca783ee3291e973996497fa0dc5cafc34c1a61409f91191e268a3",
    "https://esm.sh/v114/ts-toolbelt@9.6.0/out/List/Pop.d.ts": "ede50dddb50d397ba942de4dfec93212ea0186855a94946adfcdbae342a4fa44",
    "https://esm.sh/v114/ts-toolbelt@9.6.0/out/List/Prepend.d.ts": "873624071da9e31f39f52c2ad46b4b8cee3d98277a15b06ddf8daffdcf93d407",
    "https://esm.sh/v114/ts-toolbelt@9.6.0/out/List/Readonly.d.ts": "a386c00b66b02d8d5c1876fba1fbffd6e02a3b4ad3e5a7dbdcd43f494c69d264",
    "https://esm.sh/v114/ts-toolbelt@9.6.0/out/List/ReadonlyKeys.d.ts": "d5cec9d7024f5600adcc636ed6c8716a5303a41dacd4cd043c41894b47dd928c",
    "https://esm.sh/v114/ts-toolbelt@9.6.0/out/List/Remove.d.ts": "bb59a20509c4d5cc7e5da7c26977007ac08a6080fb31428438380ba2d43a9e2b",
    "https://esm.sh/v114/ts-toolbelt@9.6.0/out/List/Repeat.d.ts": "f8127ad4beb637869c03e2593283c145bde9d94dbd0a6328a83ba7fed974db0f",
    "https://esm.sh/v114/ts-toolbelt@9.6.0/out/List/Replace.d.ts": "f8319a64cd79b3beffca8e5e3c048fc51f1703681157888fbf62c2c42f31454e",
    "https://esm.sh/v114/ts-toolbelt@9.6.0/out/List/Required.d.ts": "14d4c0f902eac9288b6901e69d28fd0d74b0f5df8060fad5eb8a297eb73e9dbc",
    "https://esm.sh/v114/ts-toolbelt@9.6.0/out/List/RequiredKeys.d.ts": "cf9dc601b34759c381cb5a7f08b1fc5e8545989e3d4412da21428b09874d8113",
    "https://esm.sh/v114/ts-toolbelt@9.6.0/out/List/Reverse.d.ts": "d53712007cec7fb1dcbc9b975bcfe4895d4bc65bd8f9f66fc0a8d97d9d59f2e5",
    "https://esm.sh/v114/ts-toolbelt@9.6.0/out/List/Select.d.ts": "1348e60c369810dd06e5196d9d7dbfc3d769d1760f3a16311db1fcd5396edd89",
    "https://esm.sh/v114/ts-toolbelt@9.6.0/out/List/SelectKeys.d.ts": "8b68037e757695c6de42cce2b43c3f1e8e7879320e0839e2fc785c0b28c56ea6",
    "https://esm.sh/v114/ts-toolbelt@9.6.0/out/List/Shortest.d.ts": "a55fc02c17833723d5b45b5e2a4b7350e5c996732df8e593b08c104dbcaa6f0a",
    "https://esm.sh/v114/ts-toolbelt@9.6.0/out/List/Tail.d.ts": "fdcd016449d51d4795d9ae1e1ec0e8406eceeaecfecb6cff5c2c9ca164d428b6",
    "https://esm.sh/v114/ts-toolbelt@9.6.0/out/List/Take.d.ts": "fc8f2dfcad193eec4acec73a345c415bd60c73202983a6999d192a26ce2662e8",
    "https://esm.sh/v114/ts-toolbelt@9.6.0/out/List/UnNest.d.ts": "7b3843c1dd67f145b9f13e9e0f0e25d6c89f61eb958fa6048ee65bdfff14b526",
    "https://esm.sh/v114/ts-toolbelt@9.6.0/out/List/Undefinable.d.ts": "9d94718c985ceef6e60c43ece346e7a46d1359e97af9183b65c58f8ec0a3316c",
    "https://esm.sh/v114/ts-toolbelt@9.6.0/out/List/UndefinableKeys.d.ts": "07c68a493ffa8db4d16665ea796d59bc51e113ade838fa33f82b62ff42768fb5",
    "https://esm.sh/v114/ts-toolbelt@9.6.0/out/List/UnionOf.d.ts": "1b2629b616608b7ab1bd561b4cda5def111b35ffd8805bb736f08090e0b1a8ac",
    "https://esm.sh/v114/ts-toolbelt@9.6.0/out/List/Unionize.d.ts": "103d2b5b967c90834c8a828cc795db2d13ea190c0eb863822dabc9015a215412",
    "https://esm.sh/v114/ts-toolbelt@9.6.0/out/List/Update.d.ts": "4c076d909c86cf88b03b87ab41fa8c10afebf8bc131ab80619a2c79e6b7bb424",
    "https://esm.sh/v114/ts-toolbelt@9.6.0/out/List/Writable.d.ts": "38292d523d474077334ac2387432e219e0b5ef0a90464c7b9a9593c1f02f0cae",
    "https://esm.sh/v114/ts-toolbelt@9.6.0/out/List/WritableKeys.d.ts": "78e49cc2e1de2319428ed285241001cf0d322b051ae7ab9e5b1c77a7e6ab8a25",
    "https://esm.sh/v114/ts-toolbelt@9.6.0/out/List/Zip.d.ts": "0d544d99d1c2124fd7199c2adf59dbee203c428c934567382e397c22ace5a4db",
    "https://esm.sh/v114/ts-toolbelt@9.6.0/out/List/ZipObj.d.ts": "f59e233410554aecbae84862a66f274430dd2d81a648b958d1a1750083ab7b8b",
    "https://esm.sh/v114/ts-toolbelt@9.6.0/out/List/_Internal.d.ts": "2cd04d87958901fc3a3398fd2eec698667abe2fc0933349be9b2c1d14ba8b68e",
    "https://esm.sh/v114/ts-toolbelt@9.6.0/out/List/_api.d.ts": "d4138db852422c3b044f942930380d62f6623d6967932c1e8459dfd0f5dc1d33",
    "https://esm.sh/v114/ts-toolbelt@9.6.0/out/Misc/BuiltIn.d.ts": "c1429cd23570435225ec53062e6f5f6459c3cda259db73c15039522c46577b21",
    "https://esm.sh/v114/ts-toolbelt@9.6.0/out/Misc/JSON/Array.d.ts": "c410238989a50986ad9dfb07134605cc5c37006c309e0af2f589ac415c5d273d",
    "https://esm.sh/v114/ts-toolbelt@9.6.0/out/Misc/JSON/Object.d.ts": "fa678771dd348214f970c05272c866b4577b9499f20f5f1e28c1bd39c4a874b5",
    "https://esm.sh/v114/ts-toolbelt@9.6.0/out/Misc/JSON/Primitive.d.ts": "32d38f47f4b2e4960109406d7e79f6968265a98fed6d8195b823012c82314641",
    "https://esm.sh/v114/ts-toolbelt@9.6.0/out/Misc/JSON/Value.d.ts": "b9c4b9c8b3f9603b150ebc43b8db0555beb1e84dbefcdc1c89dc9f13c2be71cd",
    "https://esm.sh/v114/ts-toolbelt@9.6.0/out/Misc/JSON/_api.d.ts": "a536534c8aa8837058744662c6141d9e8b65d1b2b7d3009cdfb5cf3da246b27e",
    "https://esm.sh/v114/ts-toolbelt@9.6.0/out/Misc/Primitive.d.ts": "ea5b465826c08f0d477d4181c6738d29c46752e2d10332208d158546b6a48589",
    "https://esm.sh/v114/ts-toolbelt@9.6.0/out/Misc/_api.d.ts": "1d0a4005c0062ded40d0b3e2b3e36d7e50ac0c769ed4214ec8cef9164525db51",
    "https://esm.sh/v114/ts-toolbelt@9.6.0/out/Number/Absolute.d.ts": "395f63d7e9777c3c9f420d08d75499ed76a7ad8f0d9dca229d4e0f8f6a5ca0b9",
    "https://esm.sh/v114/ts-toolbelt@9.6.0/out/Number/Add.d.ts": "cfc7fc24e78c6c3dbd78ef577b1f64a41b36c801638d3064ec1745bf70bf8893",
    "https://esm.sh/v114/ts-toolbelt@9.6.0/out/Number/Greater.d.ts": "c651e88d2062277684ff473750c992e459274290b777b842b61cc32282ed8ce5",
    "https://esm.sh/v114/ts-toolbelt@9.6.0/out/Number/GreaterEq.d.ts": "4783ddb67096f43f5634068311bcdd3d9e596e50dc907fb1dce00c52bc647a2c",
    "https://esm.sh/v114/ts-toolbelt@9.6.0/out/Number/IsNegative.d.ts": "4c29f08c48ddd0afe929c4b9bc300af45915b058a2ac61373cbcc78287501344",
    "https://esm.sh/v114/ts-toolbelt@9.6.0/out/Number/IsPositive.d.ts": "dc1bb2fcc04cfcf2ca509be2f4edec672a135a77229ef603acba74d598fc6c8c",
    "https://esm.sh/v114/ts-toolbelt@9.6.0/out/Number/IsZero.d.ts": "102a410371a7ead69d175aaf67dd62ca1db97132dc004408711eb978897a62f7",
    "https://esm.sh/v114/ts-toolbelt@9.6.0/out/Number/Lower.d.ts": "546230604521872f6c921b44f87682975d488dbea83d3468d3f2a89a87aad7c9",
    "https://esm.sh/v114/ts-toolbelt@9.6.0/out/Number/LowerEq.d.ts": "7cf046368631e3372c800366dac14d5cf5296fe2ddb900a4bfded42c60c6f4ac",
    "https://esm.sh/v114/ts-toolbelt@9.6.0/out/Number/Negate.d.ts": "cac17e36f5eeb0fd1d0c44cf5a56185b15702d18df9c8a0c757926040d75a987",
    "https://esm.sh/v114/ts-toolbelt@9.6.0/out/Number/Range.d.ts": "a3b77dc8cefaaab8858ffdd5ea877af841b86705e2d7c6cd941ae485a1198623",
    "https://esm.sh/v114/ts-toolbelt@9.6.0/out/Number/Sub.d.ts": "f49d6e2d3775bbb590ba83dd1d0926eeebd3f5cc611c6238dee067c2d74ca86b",
    "https://esm.sh/v114/ts-toolbelt@9.6.0/out/Number/_api.d.ts": "a06981b457583caec7bba68072d5e10df919ea739b5978dba2fe0d86e00b003e",
    "https://esm.sh/v114/ts-toolbelt@9.6.0/out/Object/Assign.d.ts": "3e7684b663a5c749093290dcac207d9f36811e7d50dff521714c81563f26fb33",
    "https://esm.sh/v114/ts-toolbelt@9.6.0/out/Object/AtLeast.d.ts": "452c7240687d2398862601f3f835bed138e6e5e339fe9dd970ad584bc992d436",
    "https://esm.sh/v114/ts-toolbelt@9.6.0/out/Object/Compulsory.d.ts": "77206d04460a40c923729228cebc9808435289e1ea91b9b1e14906fbb10a2127",
    "https://esm.sh/v114/ts-toolbelt@9.6.0/out/Object/CompulsoryKeys.d.ts": "43c88e097dc39ff36427d531d1ffc84ac7ae1ebb319e19d2ea3a984580a4d05f",
    "https://esm.sh/v114/ts-toolbelt@9.6.0/out/Object/Diff.d.ts": "7febc0178192b361dba525cce38adef29496175605e03ee9a6af1f1cc37e989e",
    "https://esm.sh/v114/ts-toolbelt@9.6.0/out/Object/Either.d.ts": "3ac0f152f78c813c3de25fcddb6fcb8dcbdf09990dcd9cc8674488380371d5a6",
    "https://esm.sh/v114/ts-toolbelt@9.6.0/out/Object/Exclude.d.ts": "931343e4f6154da144b4663f91d62c2a4b42dc35b7075af3ed522ca4b97727a1",
    "https://esm.sh/v114/ts-toolbelt@9.6.0/out/Object/ExcludeKeys.d.ts": "cbbf62f2e0eb528b7d3d29b031e753bcfbc555d88c04d774946e9e9b327306b9",
    "https://esm.sh/v114/ts-toolbelt@9.6.0/out/Object/Filter.d.ts": "5dd75ddddbf14cbf89e25c379f7b2f6c1ad291c2ba6a99aee79799ff831f66b8",
    "https://esm.sh/v114/ts-toolbelt@9.6.0/out/Object/FilterKeys.d.ts": "e1f92734810ea21a0982f50937a1aceee4eb8320693c2ddb19e61af5f2622856",
    "https://esm.sh/v114/ts-toolbelt@9.6.0/out/Object/Has.d.ts": "6c50133a7ef617b1845aad5ee3d8dca7bb6941a6358566a8009c8cdca8898aff",
    "https://esm.sh/v114/ts-toolbelt@9.6.0/out/Object/HasPath.d.ts": "df0c6967e7a7a1e90f599b1e397c7f8df1bf05efecb8b30319ee2384f33ac59f",
    "https://esm.sh/v114/ts-toolbelt@9.6.0/out/Object/Includes.d.ts": "29605404765b1c7abe8d757c51990f48cc50ee50ae9b8ef30c18922b6dda78c9",
    "https://esm.sh/v114/ts-toolbelt@9.6.0/out/Object/Intersect.d.ts": "91a40db20f7e8b23e1f51ec2aac5be54cd40c5638c609637f71e72e1a907cefc",
    "https://esm.sh/v114/ts-toolbelt@9.6.0/out/Object/IntersectKeys.d.ts": "65892bb0c049f5a29d6e5ecc1edb962797dd5917d1a2f008bc046516ab8483f3",
    "https://esm.sh/v114/ts-toolbelt@9.6.0/out/Object/Invert.d.ts": "8d448ea88ed486681d1acd6506e48e4ff2a4c92fbfabd810c7c86ae482aed638",
    "https://esm.sh/v114/ts-toolbelt@9.6.0/out/Object/ListOf.d.ts": "c218134e53c7edd53fa6a565fff6387b167659e01fd9f1cc25502f02fbd1aa30",
    "https://esm.sh/v114/ts-toolbelt@9.6.0/out/Object/Merge.d.ts": "15719d58a927ebb0a19088ebaf82892001fbbfbbf807c43755fe6579ddf5ee3e",
    "https://esm.sh/v114/ts-toolbelt@9.6.0/out/Object/MergeAll.d.ts": "c7be7b49a918ba558c703e1a5d7db923029598aada1a93e59bc61cdcb93033cb",
    "https://esm.sh/v114/ts-toolbelt@9.6.0/out/Object/Modify.d.ts": "99a7665559ed448cf7c6c924efbdead2f709b6a6e326533a254ee71b0ee7ae9b",
    "https://esm.sh/v114/ts-toolbelt@9.6.0/out/Object/NonNullable.d.ts": "c050a00afc9c1f1967588033d5505e044afd749d441cb820087c41d653fbaf93",
    "https://esm.sh/v114/ts-toolbelt@9.6.0/out/Object/NonNullableKeys.d.ts": "a55fa6c44f796ac044d565dde0376038df3fde01a714539c002de639f8a9a2c9",
    "https://esm.sh/v114/ts-toolbelt@9.6.0/out/Object/Nullable.d.ts": "5864ef20e678bf5990b8c0987e013b9d17a981176eef7abeb8cdb6ea02e8d889",
    "https://esm.sh/v114/ts-toolbelt@9.6.0/out/Object/NullableKeys.d.ts": "97e0d26b88ddd15b1777db9a881c877e6536f1ce9650bff1bb14775bef0a7b54",
    "https://esm.sh/v114/ts-toolbelt@9.6.0/out/Object/Object.d.ts": "3311aea654513ec046db63025ea6ad48c3ec57f668f0a8a182b7def70afae138",
    "https://esm.sh/v114/ts-toolbelt@9.6.0/out/Object/Omit.d.ts": "1f3a5f55b3a42cfcdd2f21a60ad523704ec278d71515ef0e6dd2a982a8490e18",
    "https://esm.sh/v114/ts-toolbelt@9.6.0/out/Object/Optional.d.ts": "9224db209a9cbb8667db2168263c29b9859aa0e94f2443a26db19e2f9660ebd8",
    "https://esm.sh/v114/ts-toolbelt@9.6.0/out/Object/OptionalKeys.d.ts": "5b7e4edb184a66eb9acd1f378b077eb8773dfbea62cf98feef03f06d3fe6eb4d",
    "https://esm.sh/v114/ts-toolbelt@9.6.0/out/Object/Overwrite.d.ts": "cc798e571def36a3088a60382a05dcd665fe69b0209ce3a2844b7a6832a054c2",
    "https://esm.sh/v114/ts-toolbelt@9.6.0/out/Object/P/Merge.d.ts": "07134ff470ec93cc25740f78ec72a4802a0a37c0d82750bdb1ebaf782b95b3e1",
    "https://esm.sh/v114/ts-toolbelt@9.6.0/out/Object/P/Omit.d.ts": "3fcf08836690e533b4858d25a1d207ef63bd8bd65d9b39875f8e6043c7ffae8b",
    "https://esm.sh/v114/ts-toolbelt@9.6.0/out/Object/P/Pick.d.ts": "4ff3be35513e023e477d890764c7feeea2ff8c8e48c9a7267cbf39c42b6e366d",
    "https://esm.sh/v114/ts-toolbelt@9.6.0/out/Object/P/Readonly.d.ts": "1ef7ab39dd2b6a36a408bc0e3cb67280cea089d4985375c926afd86a6b60ed3f",
    "https://esm.sh/v114/ts-toolbelt@9.6.0/out/Object/P/Record.d.ts": "a928aae1474600ef7abddf98299b48e682a582b5bbfff0f7c93e426467be75bf",
    "https://esm.sh/v114/ts-toolbelt@9.6.0/out/Object/P/Update.d.ts": "b2caf61f8a9166cf5fbce270c4428400c762930b3fdfc563268895605fd3694b",
    "https://esm.sh/v114/ts-toolbelt@9.6.0/out/Object/P/_api.d.ts": "a098d0b847fda431c219a42cb73c5482879ae3981b39c10c47d0cd5c9be8dd0c",
    "https://esm.sh/v114/ts-toolbelt@9.6.0/out/Object/Partial.d.ts": "8a6f097b25226fff3867832172fef28c1e13a033cab5e7a8d03338a3a28e412e",
    "https://esm.sh/v114/ts-toolbelt@9.6.0/out/Object/Patch.d.ts": "a2fb04343f63d01639c5c958ee51c1eef2c4d9b2d5844ac3498b8c892d1b3812",
    "https://esm.sh/v114/ts-toolbelt@9.6.0/out/Object/PatchAll.d.ts": "491cb28e022a8c46513eeb9b9523f14eca8cb1949512393f972e77891fc4c65d",
    "https://esm.sh/v114/ts-toolbelt@9.6.0/out/Object/Path.d.ts": "c98f7a88e10e1fa9d706132eaf2bcc23f63ad806409d116e55cdd544d6af8fcf",
    "https://esm.sh/v114/ts-toolbelt@9.6.0/out/Object/Paths.d.ts": "c3feb8c3bef999a3614587267324b9d9e673dc8d4c012c3ae5de3af46203c6b1",
    "https://esm.sh/v114/ts-toolbelt@9.6.0/out/Object/Pick.d.ts": "7420f06c68574c076c025db2dd91d147ecea913df2b79ca733f5d631a0beb413",
    "https://esm.sh/v114/ts-toolbelt@9.6.0/out/Object/Readonly.d.ts": "ce9f17e3e59b29fb0bc49c08b271c53458e30472e5c1c4e31c44a7810fc63fb6",
    "https://esm.sh/v114/ts-toolbelt@9.6.0/out/Object/ReadonlyKeys.d.ts": "a1efaf12c0244338195b9a130efc7cd967cfba47a28a534d0cc00342676f8746",
    "https://esm.sh/v114/ts-toolbelt@9.6.0/out/Object/Record.d.ts": "eacdecc3fb11b97ac99026ece0d773249663d712765de185f83c5af57c04a1fe",
    "https://esm.sh/v114/ts-toolbelt@9.6.0/out/Object/Replace.d.ts": "cde8e61aafb3cff32dc8af7826a63673d1ad3178cad356fa38ee6ddc271ee76c",
    "https://esm.sh/v114/ts-toolbelt@9.6.0/out/Object/Required.d.ts": "8bc13e21c0f89fe5c9b70115ab26c54e5240fa800666c9620729bbad57de483a",
    "https://esm.sh/v114/ts-toolbelt@9.6.0/out/Object/RequiredKeys.d.ts": "69771fce5de38914144de651490e425b602e83094a173a19a3f98042ff598fa2",
    "https://esm.sh/v114/ts-toolbelt@9.6.0/out/Object/Select.d.ts": "448491718420c911325383d1969fb2398ae9458d2f700b4fa81675b809e6e824",
    "https://esm.sh/v114/ts-toolbelt@9.6.0/out/Object/SelectKeys.d.ts": "525291e75680fe40dfecf5f448b977ae50085c9c4eec5b14ed5f09f04b579bac",
    "https://esm.sh/v114/ts-toolbelt@9.6.0/out/Object/Undefinable.d.ts": "19becad4082e3b668b1869ad3176f8f2484e9a5c9524b574851155cc4279d489",
    "https://esm.sh/v114/ts-toolbelt@9.6.0/out/Object/UndefinableKeys.d.ts": "dfed3afe3f3acfad9043536b80e477def9d2be6285aa087c27feefc205984e3d",
    "https://esm.sh/v114/ts-toolbelt@9.6.0/out/Object/UnionOf.d.ts": "364aa3dd0e2153299b770f45f510e3ce52af60a17c3b45e07e6d00a2bb1bbd02",
    "https://esm.sh/v114/ts-toolbelt@9.6.0/out/Object/Unionize.d.ts": "d71aee02c85c21dd0b0a44d3db5bb0097a18b2f972dd440eafd7c29a8bc6f54e",
    "https://esm.sh/v114/ts-toolbelt@9.6.0/out/Object/Update.d.ts": "5c1378b143bd5987e4f58f6612bf11c67d48037ae3bd787b2324dd15cac3b9da",
    "https://esm.sh/v114/ts-toolbelt@9.6.0/out/Object/Writable.d.ts": "cc98b10e2f9d9e85863480c6addec85015a3c8a07bd4d8d42418b27d98bb2c19",
    "https://esm.sh/v114/ts-toolbelt@9.6.0/out/Object/WritableKeys.d.ts": "5100b5a1c5ef139abc2fa9237a807de8335a98aeaa27f6887756b4a96ccb8381",
    "https://esm.sh/v114/ts-toolbelt@9.6.0/out/Object/_Internal.d.ts": "8be80212c78a4e3b3049a5bc14eb665197c178d2e1bfed4338569713505032d5",
    "https://esm.sh/v114/ts-toolbelt@9.6.0/out/Object/_api.d.ts": "8709a552edabee44ea9f7bdc17e6b388b0dfb718a1f73d88055156bdb87a4fa7",
    "https://esm.sh/v114/ts-toolbelt@9.6.0/out/String/At.d.ts": "32233ece198e8a1adf56f6b5600770c2d93b42b49cc4c210ab081f6491332ad1",
    "https://esm.sh/v114/ts-toolbelt@9.6.0/out/String/Join.d.ts": "d64fc3286195377d058c4f26fe3c111f3cf2794b8639d6cf61de8430f265e3b8",
    "https://esm.sh/v114/ts-toolbelt@9.6.0/out/String/Length.d.ts": "c72992bfa02ef45af98e558859ba0b6609b95520a3bc68327811755659f17e42",
    "https://esm.sh/v114/ts-toolbelt@9.6.0/out/String/Replace.d.ts": "d070d94fc415ad74d8ee0ef809d7a436848b4f4a3525aba08ad8c124800a319d",
    "https://esm.sh/v114/ts-toolbelt@9.6.0/out/String/Split.d.ts": "0d21fd02bae3d3ad33b988590aac69f24aa7f813b7f87fee6277fdde345d3758",
    "https://esm.sh/v114/ts-toolbelt@9.6.0/out/String/_Internal.d.ts": "4ff549b115867e2da5e0ab5403259f6cfed9b029dff08ca4c39b87a3222a51f9",
    "https://esm.sh/v114/ts-toolbelt@9.6.0/out/String/_api.d.ts": "0c1238b647e6ace0de54357c2e5d1e13bf3b901e124c92bb39cdd825b0770a8d",
    "https://esm.sh/v114/ts-toolbelt@9.6.0/out/Test.d.ts": "d8e869b95d0a4cb048b09f995a81cd71ccfcbaa461f5cf80db2be3ce44a96e1d",
    "https://esm.sh/v114/ts-toolbelt@9.6.0/out/Union/Diff.d.ts": "6512f2be0e9a7193fb9dc9ad5b9244ab9e4930e646021167bcb3c2be9fa22a28",
    "https://esm.sh/v114/ts-toolbelt@9.6.0/out/Union/Exclude.d.ts": "198e5a2880329d9537551d8f5408e2f79e421c1980f39fbaa6de145d09281f00",
    "https://esm.sh/v114/ts-toolbelt@9.6.0/out/Union/Filter.d.ts": "2676f5edc2054d07aa3ab005252234a74f1a9292d543e7d5a41d606c86667aeb",
    "https://esm.sh/v114/ts-toolbelt@9.6.0/out/Union/Has.d.ts": "d90fed5411c957e3ab59f4933033421e9c85ec6bd7ae300f5f79a26ea16fd6bc",
    "https://esm.sh/v114/ts-toolbelt@9.6.0/out/Union/Intersect.d.ts": "32d05a977c8da9841d7bbc26161022c9f654bad40388482505c606c7c9dc99a0",
    "https://esm.sh/v114/ts-toolbelt@9.6.0/out/Union/IntersectOf.d.ts": "419bc24ce644fb446acc1559a98b92e2e7bc53c6e561c0860728709426901c92",
    "https://esm.sh/v114/ts-toolbelt@9.6.0/out/Union/Last.d.ts": "ff784eb582945fa9109889b1fb314da620b725dc19a9665277e1f71f0bb7a4ff",
    "https://esm.sh/v114/ts-toolbelt@9.6.0/out/Union/ListOf.d.ts": "8797c5c301785fa6432f94ce42f96a363a20727d253ace4ab5aec36a52e2d92b",
    "https://esm.sh/v114/ts-toolbelt@9.6.0/out/Union/Merge.d.ts": "96e420d41f748205c68996cc588c27b35f97979164563309b73feca038dc0ff1",
    "https://esm.sh/v114/ts-toolbelt@9.6.0/out/Union/NonNullable.d.ts": "040c88322b4a539518526528c7ca951db6e81da5adea142d9f22059ad5cfb7a9",
    "https://esm.sh/v114/ts-toolbelt@9.6.0/out/Union/Nullable.d.ts": "fef22682822a361bc7e3bdff742c689ea3e324ba7ab06d3b9cfbfb6c5f2c2b2f",
    "https://esm.sh/v114/ts-toolbelt@9.6.0/out/Union/Pop.d.ts": "edb64c2657ae7ca1533256a4ddc28e34fde24970aaef408770d0a88ac3e0f55f",
    "https://esm.sh/v114/ts-toolbelt@9.6.0/out/Union/Replace.d.ts": "5b926ec3066e4cae49e3973c7a72b8e013b3cc38827557a3a19de5e1ccde9250",
    "https://esm.sh/v114/ts-toolbelt@9.6.0/out/Union/Select.d.ts": "98d7ff457771852d84b8b6fe0c6ddbdb1aa92d158ef1a4c9ecc78bcd7b85f47c",
    "https://esm.sh/v114/ts-toolbelt@9.6.0/out/Union/Strict.d.ts": "dbaec1947c0d0b3793006dc2e29bc7218ea1a42fe1e1175018efeeb80a856728",
    "https://esm.sh/v114/ts-toolbelt@9.6.0/out/Union/_api.d.ts": "433264a325a2e58daed629a4d8182beb12ae168bbc83c7e0a2fa0d91a293fc63",
    "https://esm.sh/v114/ts-toolbelt@9.6.0/out/index.d.ts": "5a5778d0731fdcd0a2f9fa55481c0203be90a1464f6178b2b17f5e9cc9d1254e",
    "https://esm.sh/v114/types-ramda@0.29.2/es/index.d.ts": "a21e8ddf84ea21c67b59b3c0b3ff067a4166d30f5532dffa0eeabc259ad1e683",
    "https://esm.sh/v114/types-ramda@0.29.2/es/tools.d.ts": "2a599a38ab437418329f33234b896e91453294cc8b1213f08c4a149707a492f0",
    "https://esm.sh/v114/zod@3.21.4": "3950b592516028468f254d93f5ed5b8545e57dca821c3f713a3a62c8a66e66a5",
    "https://esm.sh/v114/zod@3.21.4/deno/zod.mjs": "e1a358025e86c62f8323e441499f90ed73a4111803ebbb0868c84bcd10661b6d",
    "https://esm.sh/v114/zod@3.21.4/index.d.ts": "b51c954b9557b1dcb03b2bf34cd136e710cb9aa276e686cac0e291249590a52a",
    "https://esm.sh/v114/zod@3.21.4/lib/ZodError.d.ts": "1f19511459549a66526d9dcc3b2288e59fa5fd4cf42b390a945d0bdc289806df",
    "https://esm.sh/v114/zod@3.21.4/lib/errors.d.ts": "5ec2790f877581637c058eb5bbb72e855a078620d0781d2a6a8f308fe1d5436f",
    "https://esm.sh/v114/zod@3.21.4/lib/external.d.ts": "91cec2fe1e1fb2574812a29a57ad2c39a1e69b0fa1179547382c92649fc5c66e",
    "https://esm.sh/v114/zod@3.21.4/lib/helpers/enumUtil.d.ts": "f672c876c1a04a223cf2023b3d91e8a52bb1544c576b81bf64a8fec82be9969c",
    "https://esm.sh/v114/zod@3.21.4/lib/helpers/errorUtil.d.ts": "98a9cc18f661d28e6bd31c436e1984f3980f35e0f0aa9cf795c54f8ccb667ffe",
    "https://esm.sh/v114/zod@3.21.4/lib/helpers/parseUtil.d.ts": "d3dbfc2f2fbf2c1bdea72db72f9f5c95d2ca5b4d32c9e229764ebaba0920203c",
    "https://esm.sh/v114/zod@3.21.4/lib/helpers/partialUtil.d.ts": "be2da97df422506d54e0e1727a40f6315c7311931b65a552b3172148db734c43",
    "https://esm.sh/v114/zod@3.21.4/lib/helpers/typeAliases.d.ts": "5487b97cfa28b26b4a9ef0770f872bdbebd4c46124858de00f242c3eed7519f4",
    "https://esm.sh/v114/zod@3.21.4/lib/helpers/util.d.ts": "7a01f546ace66019156e4232a1bee2fabc2f8eabeb052473d926ee1693956265",
    "https://esm.sh/v114/zod@3.21.4/lib/index.d.ts": "e6e0b04af1500398c8840582cce03d8907d6475005eb490f0e07bb33db6da66c",
    "https://esm.sh/v114/zod@3.21.4/lib/locales/en.d.ts": "f8ec1611afb8d132c6c71822718805866890cf2071025153af97508eff24e4b6",
    "https://esm.sh/v114/zod@3.21.4/lib/types.d.ts": "d7eecca2a9e02b2b2f51eaef95956f490a5780d03b32b9865068a63a26810f01"
  }
}
