{
  "version": "2",
  "remote": {
    "https://cdn.skypack.dev/-/dedent@v0.7.0-Vsia1nfXs8cMunckwOIY/dist=es2019,mode=imports/optimized/dedent.js": "b9d5d3df1470fba91efcb7cce1a9fafa12f33e74285e4cb733861435630a17db",
    "https://cdn.skypack.dev/-/dedent@v0.7.0-Vsia1nfXs8cMunckwOIY/dist=es2019,mode=types/index.d.ts": "70646d9cb37b62611766d18a9bcca6cbf28ca9aec33a66244e974056ab1193f6",
    "https://cdn.skypack.dev/dedent@0.7.0?dts": "6be10f528cada6359f9ef7e6994de4a1891937b8073cdb294423dc37e68fe498",
    "https://deno.land/std@0.180.0/collections/filter_values.ts": "5b9feaf17b9a6e5ffccdd36cf6f38fa4ffa94cff2602d381c2ad0c2a97929652",
    "https://deno.land/std@0.180.0/collections/max_by.ts": "2adb39effb8df0e1c99c7c7745a994c3bac0f3405474766cd262d7eba8b0ec6f",
    "https://deno.land/std@0.180.0/collections/min_by.ts": "5bb8726695eaeff1a32d8ca44acc358f6500617a7854a5b1b9f715cdd6b09ce4",
    "https://deno.land/std@0.180.0/collections/without_all.ts": "a89f5da0b5830defed4f59666e188df411d8fece35a5f6ca69be6ca71a95c185",
    "https://deno.land/std@0.180.0/dotenv/load.ts": "0636983549b98f29ab75c9a22a42d9723f0a389ece5498fe971e7bb2556a12e2",
    "https://deno.land/std@0.180.0/dotenv/mod.ts": "8dcbc8a40b896a0bf094582aaeadbfc76d3528872faf2efc0302beb1d2f6afd0",
    "https://esm.sh/v113/@types/luxon@3.3.0/index.d.ts": "dd6f66c36de47dde39716e069311dc4103172d71c305d3e40a6e3ffff9b8888a",
    "https://esm.sh/v113/@types/luxon@3.3.0/src/_util.d.ts": "6112aa6c0a43aa427f3ab739ecb938d3b2e294d6258d4769fce380ac40879e6d",
    "https://esm.sh/v113/@types/luxon@3.3.0/src/datetime.d.ts": "ff90be1e4b8e7913029ad17e7bb3363e392b121dae6e8f547fa177b4d2cc974d",
    "https://esm.sh/v113/@types/luxon@3.3.0/src/duration.d.ts": "77aeeac633b1e5175f783fb244cf1e010ad60e7d6c767605718e00fa3678a98b",
    "https://esm.sh/v113/@types/luxon@3.3.0/src/info.d.ts": "c27326b5bf1178527607c02f58a9feb0514b3f405f1bcfe3c6e834a60d2de21d",
    "https://esm.sh/v113/@types/luxon@3.3.0/src/interval.d.ts": "014e8514f3bc671edec5fd0912d666e11f8911da42ab39f9d79a7ac01d5a4a37",
    "https://esm.sh/v113/@types/luxon@3.3.0/src/luxon.d.ts": "ebed01e1aa27660d0582fbd2afaee058feae47e7df0a760227736ec4224ac57d",
    "https://esm.sh/v113/@types/luxon@3.3.0/src/misc.d.ts": "52ed17fe2c0a4bb27a4f13e99234b3d1f364dc27f9bd7964946d5ec62792a0cc",
    "https://esm.sh/v113/@types/luxon@3.3.0/src/settings.d.ts": "9a7bb9e10a203a40fca3f9a07cbde4409d7e2f209b4fd05e73ee7e7716846c67",
    "https://esm.sh/v113/@types/luxon@3.3.0/src/zone.d.ts": "ffb188f63f614f05f28f64d755e73d7d70e3047b28994ceb6238336eb6e24587",
    "https://esm.sh/v113/luxon@3.3.0": "fe54c41fdc098b2db4ae742c84bb36ca17ade8615821a49c9145cf1bf34c32a1",
    "https://esm.sh/v113/luxon@3.3.0/deno/luxon.mjs": "cf95b8f993dfc1afd830aa4357dd51a58f65c557b34f658465c42d4be7d2d80d",
    "https://esm.sh/v113/zod@3.21.4": "48e7e3ab8c7f82327460be3b454f97475960271dda2d8de546694a8b81c45512",
    "https://esm.sh/v113/zod@3.21.4/deno/zod.mjs": "652b3e1f40b7dbb5b32d5c4d4fc7f1cbe06b0cf87c16cb7cd0c62f8ce9457406",
    "https://esm.sh/v113/zod@3.21.4/index.d.ts": "b51c954b9557b1dcb03b2bf34cd136e710cb9aa276e686cac0e291249590a52a",
    "https://esm.sh/v113/zod@3.21.4/lib/ZodError.d.ts": "1f19511459549a66526d9dcc3b2288e59fa5fd4cf42b390a945d0bdc289806df",
    "https://esm.sh/v113/zod@3.21.4/lib/errors.d.ts": "5ec2790f877581637c058eb5bbb72e855a078620d0781d2a6a8f308fe1d5436f",
    "https://esm.sh/v113/zod@3.21.4/lib/external.d.ts": "91cec2fe1e1fb2574812a29a57ad2c39a1e69b0fa1179547382c92649fc5c66e",
    "https://esm.sh/v113/zod@3.21.4/lib/helpers/enumUtil.d.ts": "f672c876c1a04a223cf2023b3d91e8a52bb1544c576b81bf64a8fec82be9969c",
    "https://esm.sh/v113/zod@3.21.4/lib/helpers/errorUtil.d.ts": "98a9cc18f661d28e6bd31c436e1984f3980f35e0f0aa9cf795c54f8ccb667ffe",
    "https://esm.sh/v113/zod@3.21.4/lib/helpers/parseUtil.d.ts": "d3dbfc2f2fbf2c1bdea72db72f9f5c95d2ca5b4d32c9e229764ebaba0920203c",
    "https://esm.sh/v113/zod@3.21.4/lib/helpers/partialUtil.d.ts": "be2da97df422506d54e0e1727a40f6315c7311931b65a552b3172148db734c43",
    "https://esm.sh/v113/zod@3.21.4/lib/helpers/typeAliases.d.ts": "5487b97cfa28b26b4a9ef0770f872bdbebd4c46124858de00f242c3eed7519f4",
    "https://esm.sh/v113/zod@3.21.4/lib/helpers/util.d.ts": "7a01f546ace66019156e4232a1bee2fabc2f8eabeb052473d926ee1693956265",
    "https://esm.sh/v113/zod@3.21.4/lib/index.d.ts": "e6e0b04af1500398c8840582cce03d8907d6475005eb490f0e07bb33db6da66c",
    "https://esm.sh/v113/zod@3.21.4/lib/locales/en.d.ts": "f8ec1611afb8d132c6c71822718805866890cf2071025153af97508eff24e4b6",
    "https://esm.sh/v113/zod@3.21.4/lib/types.d.ts": "d7eecca2a9e02b2b2f51eaef95956f490a5780d03b32b9865068a63a26810f01"
  }
}
