{
  "version": "2",
  "remote": {
    "https://cdn.skypack.dev/-/dedent@v0.7.0-Vsia1nfXs8cMunckwOIY/dist=es2019,mode=imports/optimized/dedent.js": "b9d5d3df1470fba91efcb7cce1a9fafa12f33e74285e4cb733861435630a17db",
    "https://cdn.skypack.dev/-/dedent@v0.7.0-Vsia1nfXs8cMunckwOIY/dist=es2019,mode=types/index.d.ts": "70646d9cb37b62611766d18a9bcca6cbf28ca9aec33a66244e974056ab1193f6",
    "https://cdn.skypack.dev/-/luxon@v3.3.0-skNgAaiwdYxYNkO5U0TG/dist=es2019,mode=imports/optimized/luxon.js": "cfa7dec42586028afc9f5f41175a7a2997df7a1bf3ed22a21a12d43cb132d9cd",
    "https://cdn.skypack.dev/-/luxon@v3.3.0-skNgAaiwdYxYNkO5U0TG/dist=es2019,mode=types/index.d.ts": "ab84fb44a5f396a5f72b521fdfc10ea787b9f43ce4fbb190ab94f2d1ece40e60",
    "https://cdn.skypack.dev/-/luxon@v3.3.0-skNgAaiwdYxYNkO5U0TG/dist=es2019,mode=types/src/datetime.d.ts": "50134da625aa1dca804499b1c9871ad7679408c0d39b23d497e3b66aec15ac75",
    "https://cdn.skypack.dev/-/luxon@v3.3.0-skNgAaiwdYxYNkO5U0TG/dist=es2019,mode=types/src/duration.d.ts": "f628fefd357c106d916b92c025880df8caa6b276d819e4010662edcac2bed766",
    "https://cdn.skypack.dev/-/luxon@v3.3.0-skNgAaiwdYxYNkO5U0TG/dist=es2019,mode=types/src/info.d.ts": "ad885efb88eba7e0212301d6d36f2122e602a7ad5acf874decbdda082dc232d2",
    "https://cdn.skypack.dev/-/luxon@v3.3.0-skNgAaiwdYxYNkO5U0TG/dist=es2019,mode=types/src/interval.d.ts": "b5501e1ec91430dc5cb1a8981b1bbd920a80a07a4df9c62cb951167e6874cf6c",
    "https://cdn.skypack.dev/-/luxon@v3.3.0-skNgAaiwdYxYNkO5U0TG/dist=es2019,mode=types/src/luxon.d.ts": "ebed01e1aa27660d0582fbd2afaee058feae47e7df0a760227736ec4224ac57d",
    "https://cdn.skypack.dev/-/luxon@v3.3.0-skNgAaiwdYxYNkO5U0TG/dist=es2019,mode=types/src/misc.d.ts": "52ed17fe2c0a4bb27a4f13e99234b3d1f364dc27f9bd7964946d5ec62792a0cc",
    "https://cdn.skypack.dev/-/luxon@v3.3.0-skNgAaiwdYxYNkO5U0TG/dist=es2019,mode=types/src/settings.d.ts": "d1582c4a1587316a67c1641cfe354a8d30d9457fa7c8a9e6e5198b27840fc6e6",
    "https://cdn.skypack.dev/-/luxon@v3.3.0-skNgAaiwdYxYNkO5U0TG/dist=es2019,mode=types/src/zone.d.ts": "45938045285af93edb0065d83c44410e18b34fd1285b5ce46e025a46d5042a46",
    "https://cdn.skypack.dev/dedent@0.7.0?dts": "6be10f528cada6359f9ef7e6994de4a1891937b8073cdb294423dc37e68fe498",
    "https://cdn.skypack.dev/luxon@3.3.0?dts": "8ad47ffa731c0c303d7d922e21a7dbcf7046eefc24ff6a393b2fc93c75cf70ff",
    "https://deno.land/std@0.180.0/collections/filter_values.ts": "5b9feaf17b9a6e5ffccdd36cf6f38fa4ffa94cff2602d381c2ad0c2a97929652",
    "https://deno.land/std@0.180.0/collections/max_by.ts": "2adb39effb8df0e1c99c7c7745a994c3bac0f3405474766cd262d7eba8b0ec6f",
    "https://deno.land/std@0.180.0/collections/min_by.ts": "5bb8726695eaeff1a32d8ca44acc358f6500617a7854a5b1b9f715cdd6b09ce4",
    "https://deno.land/std@0.180.0/collections/sort_by.ts": "1202915ce874f76369109c75cf5fe34c90f2e6943f34bbbedde9d26e5785cef6",
    "https://deno.land/std@0.180.0/collections/without_all.ts": "a89f5da0b5830defed4f59666e188df411d8fece35a5f6ca69be6ca71a95c185",
    "https://deno.land/std@0.180.0/dotenv/load.ts": "0636983549b98f29ab75c9a22a42d9723f0a389ece5498fe971e7bb2556a12e2",
    "https://deno.land/std@0.180.0/dotenv/mod.ts": "8dcbc8a40b896a0bf094582aaeadbfc76d3528872faf2efc0302beb1d2f6afd0"
  }
}
